
Microsoft Visual Studio Solution File, Format Version 12.00
# Visual Studio Version 17
VisualStudioVersion = 17.4.33213.308
MinimumVisualStudioVersion = 10.0.40219.1
Project("{FAE04EC0-301F-11D3-BF4B-00C04F79EFBC}") = "Week14OOP", "Week14OOP\Week14OOP.csproj", "{69ECCDB2-A456-43E4-9581-77DB37A293F5}"
EndProject
Project("{FAE04EC0-301F-11D3-BF4B-00C04F79EFBC}") = "CatOOP", "CatOOP\CatOOP.csproj", "{CDA895F7-92CD-4821-BA45-E7D2A40ABDD5}"
EndProject
Global
	GlobalSection(SolutionConfigurationPlatforms) = preSolution
		Debug|Any CPU = Debug|Any CPU
		Release|Any CPU = Release|Any CPU
	EndGlobalSection
	GlobalSection(ProjectConfigurationPlatforms) = postSolution
		{69ECCDB2-A456-43E4-9581-77DB37A293F5}.Debug|Any CPU.ActiveCfg = Debug|Any CPU
		{69ECCDB2-A456-43E4-9581-77DB37A293F5}.Debug|Any CPU.Build.0 = Debug|Any CPU
		{69ECCDB2-A456-43E4-9581-77DB37A293F5}.Release|Any CPU.ActiveCfg = Release|Any CPU
		{69ECCDB2-A456-43E4-9581-77DB37A293F5}.Release|Any CPU.Build.0 = Release|Any CPU
		{CDA895F7-92CD-4821-BA45-E7D2A40ABDD5}.Debug|Any CPU.ActiveCfg = Debug|Any CPU
		{CDA895F7-92CD-4821-BA45-E7D2A40ABDD5}.Debug|Any CPU.Build.0 = Debug|Any CPU
		{CDA895F7-92CD-4821-BA45-E7D2A40ABDD5}.Release|Any CPU.ActiveCfg = Release|Any CPU
		{CDA895F7-92CD-4821-BA45-E7D2A40ABDD5}.Release|Any CPU.Build.0 = Release|Any CPU
	EndGlobalSection
	GlobalSection(SolutionProperties) = preSolution
		HideSolutionNode = FALSE
	EndGlobalSection
	GlobalSection(ExtensibilityGlobals) = postSolution
		SolutionGuid = {2EBA727A-5419-4680-8A72-49EDBE6593B3}
	EndGlobalSection
EndGlobal
